
Microsoft Visual Studio Solution File, Format Version 11.00
# Visual C# Express 2010
Project("{FAE04EC0-301F-11D3-BF4B-00C04F79EFBC}") = "SonLVL.GUI", "SonLVL\SonLVL.GUI.csproj", "{934ED80F-F466-423E-8203-9A3F35583323}"
EndProject
Project("{FAE04EC0-301F-11D3-BF4B-00C04F79EFBC}") = "S2ObjectDefinitions", "S2ObjectDefinitions\S2ObjectDefinitions.csproj", "{C674C4ED-D30A-4021-9546-6B2DC85670C2}"
EndProject
Project("{FAE04EC0-301F-11D3-BF4B-00C04F79EFBC}") = "S1ObjectDefinitions", "S1ObjectDefinitions\S1ObjectDefinitions.csproj", "{16ED2BDD-5C71-4DAD-ACA9-669E0628CACE}"
EndProject
Project("{FAE04EC0-301F-11D3-BF4B-00C04F79EFBC}") = "S3KObjectDefinitions", "S3KObjectDefinitions\S3KObjectDefinitions.csproj", "{274EAFD5-A3BC-44C8-8BC7-C461206F9966}"
EndProject
Project("{FAE04EC0-301F-11D3-BF4B-00C04F79EFBC}") = "S12005ObjectDefinitions", "S12005ObjectDefinitions\S12005ObjectDefinitions.csproj", "{68DF65F0-054C-4A41-BC44-6D777D6EE703}"
EndProject
Project("{FAE04EC0-301F-11D3-BF4B-00C04F79EFBC}") = "SCDPCObjectDefinitions", "SCDPCObjectDefinitions\SCDPCObjectDefinitions.csproj", "{A206A701-717D-4EEB-A17C-45C1A6014242}"
EndProject
Project("{FAE04EC0-301F-11D3-BF4B-00C04F79EFBC}") = "SonED2ObjDefConverter", "SonED2ObjDefConverter\SonED2ObjDefConverter.csproj", "{D6F4C3B1-820A-4526-B4D2-BEDC912C84AE}"
EndProject
Project("{FAE04EC0-301F-11D3-BF4B-00C04F79EFBC}") = "SonLVL.API", "SonLVLAPI\SonLVL.API.csproj", "{01D2110B-F4E7-4914-8781-8B1C24D888AD}"
EndProject
Project("{FAE04EC0-301F-11D3-BF4B-00C04F79EFBC}") = "LevelConverter", "LevelConverter\LevelConverter.csproj", "{3E5A1FAB-575A-49DB-9F27-416219B0995F}"
EndProject
Project("{FAE04EC0-301F-11D3-BF4B-00C04F79EFBC}") = "ObjDefEditor", "ObjDefEditor\ObjDefEditor.csproj", "{057AA8DF-79C0-48D6-B547-12F3DB67A3DA}"
EndProject
Project("{FAE04EC0-301F-11D3-BF4B-00C04F79EFBC}") = "GetArt.NET", "GetArt.NET\GetArt.NET.csproj", "{F23E0ADC-E78E-47DE-82E5-F7CB2776BE59}"
EndProject
Project("{FAE04EC0-301F-11D3-BF4B-00C04F79EFBC}") = "SonED2ProjectConverter", "SonED2ProjectConverter\SonED2ProjectConverter.csproj", "{40588EF0-7584-430B-B782-670B50D675AC}"
EndProject
Project("{FAE04EC0-301F-11D3-BF4B-00C04F79EFBC}") = "SonAni", "SonAni\SonAni.csproj", "{022D16B9-9D49-4C96-BBA7-F598E6E42E6E}"
EndProject
Global
	GlobalSection(SolutionConfigurationPlatforms) = preSolution
		Debug|Any CPU = Debug|Any CPU
		Release|Any CPU = Release|Any CPU
	EndGlobalSection
	GlobalSection(ProjectConfigurationPlatforms) = postSolution
		{934ED80F-F466-423E-8203-9A3F35583323}.Debug|Any CPU.ActiveCfg = Debug|Any CPU
		{934ED80F-F466-423E-8203-9A3F35583323}.Debug|Any CPU.Build.0 = Debug|Any CPU
		{934ED80F-F466-423E-8203-9A3F35583323}.Release|Any CPU.ActiveCfg = Release|Any CPU
		{934ED80F-F466-423E-8203-9A3F35583323}.Release|Any CPU.Build.0 = Release|Any CPU
		{C674C4ED-D30A-4021-9546-6B2DC85670C2}.Debug|Any CPU.ActiveCfg = Debug|Any CPU
		{C674C4ED-D30A-4021-9546-6B2DC85670C2}.Debug|Any CPU.Build.0 = Debug|Any CPU
		{C674C4ED-D30A-4021-9546-6B2DC85670C2}.Release|Any CPU.ActiveCfg = Release|Any CPU
		{C674C4ED-D30A-4021-9546-6B2DC85670C2}.Release|Any CPU.Build.0 = Release|Any CPU
		{16ED2BDD-5C71-4DAD-ACA9-669E0628CACE}.Debug|Any CPU.ActiveCfg = Debug|Any CPU
		{16ED2BDD-5C71-4DAD-ACA9-669E0628CACE}.Debug|Any CPU.Build.0 = Debug|Any CPU
		{16ED2BDD-5C71-4DAD-ACA9-669E0628CACE}.Release|Any CPU.ActiveCfg = Release|Any CPU
		{16ED2BDD-5C71-4DAD-ACA9-669E0628CACE}.Release|Any CPU.Build.0 = Release|Any CPU
		{274EAFD5-A3BC-44C8-8BC7-C461206F9966}.Debug|Any CPU.ActiveCfg = Debug|Any CPU
		{274EAFD5-A3BC-44C8-8BC7-C461206F9966}.Debug|Any CPU.Build.0 = Debug|Any CPU
		{274EAFD5-A3BC-44C8-8BC7-C461206F9966}.Release|Any CPU.ActiveCfg = Release|Any CPU
		{274EAFD5-A3BC-44C8-8BC7-C461206F9966}.Release|Any CPU.Build.0 = Release|Any CPU
		{68DF65F0-054C-4A41-BC44-6D777D6EE703}.Debug|Any CPU.ActiveCfg = Debug|Any CPU
		{68DF65F0-054C-4A41-BC44-6D777D6EE703}.Debug|Any CPU.Build.0 = Debug|Any CPU
		{68DF65F0-054C-4A41-BC44-6D777D6EE703}.Release|Any CPU.ActiveCfg = Release|Any CPU
		{68DF65F0-054C-4A41-BC44-6D777D6EE703}.Release|Any CPU.Build.0 = Release|Any CPU
		{A206A701-717D-4EEB-A17C-45C1A6014242}.Debug|Any CPU.ActiveCfg = Debug|Any CPU
		{A206A701-717D-4EEB-A17C-45C1A6014242}.Debug|Any CPU.Build.0 = Debug|Any CPU
		{A206A701-717D-4EEB-A17C-45C1A6014242}.Release|Any CPU.ActiveCfg = Release|Any CPU
		{A206A701-717D-4EEB-A17C-45C1A6014242}.Release|Any CPU.Build.0 = Release|Any CPU
		{D6F4C3B1-820A-4526-B4D2-BEDC912C84AE}.Debug|Any CPU.ActiveCfg = Debug|Any CPU
		{D6F4C3B1-820A-4526-B4D2-BEDC912C84AE}.Debug|Any CPU.Build.0 = Debug|Any CPU
		{D6F4C3B1-820A-4526-B4D2-BEDC912C84AE}.Release|Any CPU.ActiveCfg = Release|Any CPU
		{D6F4C3B1-820A-4526-B4D2-BEDC912C84AE}.Release|Any CPU.Build.0 = Release|Any CPU
		{01D2110B-F4E7-4914-8781-8B1C24D888AD}.Debug|Any CPU.ActiveCfg = Debug|Any CPU
		{01D2110B-F4E7-4914-8781-8B1C24D888AD}.Debug|Any CPU.Build.0 = Debug|Any CPU
		{01D2110B-F4E7-4914-8781-8B1C24D888AD}.Release|Any CPU.ActiveCfg = Release|Any CPU
		{01D2110B-F4E7-4914-8781-8B1C24D888AD}.Release|Any CPU.Build.0 = Release|Any CPU
		{3E5A1FAB-575A-49DB-9F27-416219B0995F}.Debug|Any CPU.ActiveCfg = Debug|Any CPU
		{3E5A1FAB-575A-49DB-9F27-416219B0995F}.Debug|Any CPU.Build.0 = Debug|Any CPU
		{3E5A1FAB-575A-49DB-9F27-416219B0995F}.Release|Any CPU.ActiveCfg = Release|Any CPU
		{3E5A1FAB-575A-49DB-9F27-416219B0995F}.Release|Any CPU.Build.0 = Release|Any CPU
		{057AA8DF-79C0-48D6-B547-12F3DB67A3DA}.Debug|Any CPU.ActiveCfg = Debug|Any CPU
		{057AA8DF-79C0-48D6-B547-12F3DB67A3DA}.Debug|Any CPU.Build.0 = Debug|Any CPU
		{057AA8DF-79C0-48D6-B547-12F3DB67A3DA}.Release|Any CPU.ActiveCfg = Release|Any CPU
		{057AA8DF-79C0-48D6-B547-12F3DB67A3DA}.Release|Any CPU.Build.0 = Release|Any CPU
		{F23E0ADC-E78E-47DE-82E5-F7CB2776BE59}.Debug|Any CPU.ActiveCfg = Debug|Any CPU
		{F23E0ADC-E78E-47DE-82E5-F7CB2776BE59}.Debug|Any CPU.Build.0 = Debug|Any CPU
		{F23E0ADC-E78E-47DE-82E5-F7CB2776BE59}.Release|Any CPU.ActiveCfg = Release|Any CPU
		{F23E0ADC-E78E-47DE-82E5-F7CB2776BE59}.Release|Any CPU.Build.0 = Release|Any CPU
		{40588EF0-7584-430B-B782-670B50D675AC}.Debug|Any CPU.ActiveCfg = Debug|Any CPU
		{40588EF0-7584-430B-B782-670B50D675AC}.Debug|Any CPU.Build.0 = Debug|Any CPU
		{40588EF0-7584-430B-B782-670B50D675AC}.Release|Any CPU.ActiveCfg = Release|Any CPU
		{40588EF0-7584-430B-B782-670B50D675AC}.Release|Any CPU.Build.0 = Release|Any CPU
		{022D16B9-9D49-4C96-BBA7-F598E6E42E6E}.Debug|Any CPU.ActiveCfg = Debug|Any CPU
		{022D16B9-9D49-4C96-BBA7-F598E6E42E6E}.Debug|Any CPU.Build.0 = Debug|Any CPU
		{022D16B9-9D49-4C96-BBA7-F598E6E42E6E}.Release|Any CPU.ActiveCfg = Release|Any CPU
		{022D16B9-9D49-4C96-BBA7-F598E6E42E6E}.Release|Any CPU.Build.0 = Release|Any CPU
	EndGlobalSection
	GlobalSection(SolutionProperties) = preSolution
		HideSolutionNode = FALSE
	EndGlobalSection
EndGlobal
