
Microsoft Visual Studio Solution File, Format Version 11.00
# Visual C# Express 2010
Project("{FAE04EC0-301F-11D3-BF4B-00C04F79EFBC}") = "SZDDComp", "SZDDComp\SZDDComp.csproj", "{39D86A90-0A37-461E-A4F1-47594FEF4F71}"
EndProject
Global
	GlobalSection(SolutionConfigurationPlatforms) = preSolution
		Debug|Any CPU = Debug|Any CPU
		Debug|Mixed Platforms = Debug|Mixed Platforms
		Debug|x86 = Debug|x86
		Release|Any CPU = Release|Any CPU
		Release|Mixed Platforms = Release|Mixed Platforms
		Release|x86 = Release|x86
	EndGlobalSection
	GlobalSection(ProjectConfigurationPlatforms) = postSolution
		{39D86A90-0A37-461E-A4F1-47594FEF4F71}.Debug|Any CPU.ActiveCfg = Debug|Any CPU
		{39D86A90-0A37-461E-A4F1-47594FEF4F71}.Debug|Any CPU.Build.0 = Debug|Any CPU
		{39D86A90-0A37-461E-A4F1-47594FEF4F71}.Debug|Mixed Platforms.ActiveCfg = Debug|Any CPU
		{39D86A90-0A37-461E-A4F1-47594FEF4F71}.Debug|Mixed Platforms.Build.0 = Debug|Any CPU
		{39D86A90-0A37-461E-A4F1-47594FEF4F71}.Debug|x86.ActiveCfg = Debug|Any CPU
		{39D86A90-0A37-461E-A4F1-47594FEF4F71}.Release|Any CPU.ActiveCfg = Release|Any CPU
		{39D86A90-0A37-461E-A4F1-47594FEF4F71}.Release|Any CPU.Build.0 = Release|Any CPU
		{39D86A90-0A37-461E-A4F1-47594FEF4F71}.Release|Mixed Platforms.ActiveCfg = Release|Any CPU
		{39D86A90-0A37-461E-A4F1-47594FEF4F71}.Release|Mixed Platforms.Build.0 = Release|Any CPU
		{39D86A90-0A37-461E-A4F1-47594FEF4F71}.Release|x86.ActiveCfg = Release|Any CPU
	EndGlobalSection
	GlobalSection(SolutionProperties) = preSolution
		HideSolutionNode = FALSE
	EndGlobalSection
EndGlobal
